
Microsoft Visual Studio Solution File, Format Version 11.00
# Visual C# Express 2010
Project("{FAE04EC0-301F-11D3-BF4B-00C04F79EFBC}") = "voyage_class_test", "voyage_class_test\voyage_class_test.csproj", "{4B350ED9-A9BB-4B03-BC37-845056040DCF}"
EndProject
Global
	GlobalSection(SolutionConfigurationPlatforms) = preSolution
		Debug|x86 = Debug|x86
		Release|x86 = Release|x86
	EndGlobalSection
	GlobalSection(ProjectConfigurationPlatforms) = postSolution
		{4B350ED9-A9BB-4B03-BC37-845056040DCF}.Debug|x86.ActiveCfg = Debug|x86
		{4B350ED9-A9BB-4B03-BC37-845056040DCF}.Debug|x86.Build.0 = Debug|x86
		{4B350ED9-A9BB-4B03-BC37-845056040DCF}.Release|x86.ActiveCfg = Release|x86
		{4B350ED9-A9BB-4B03-BC37-845056040DCF}.Release|x86.Build.0 = Release|x86
	EndGlobalSection
	GlobalSection(SolutionProperties) = preSolution
		HideSolutionNode = FALSE
	EndGlobalSection
EndGlobal
