
Microsoft Visual Studio Solution File, Format Version 11.00
# Visual C# Express 2010
Project("{FAE04EC0-301F-11D3-BF4B-00C04F79EFBC}") = "texte_exercice2", "texte_exercice2\texte_exercice2.csproj", "{E0A56875-F578-48D0-9F4B-E1BDFFA9DE96}"
EndProject
Global
	GlobalSection(SolutionConfigurationPlatforms) = preSolution
		Debug|x86 = Debug|x86
		Release|x86 = Release|x86
	EndGlobalSection
	GlobalSection(ProjectConfigurationPlatforms) = postSolution
		{E0A56875-F578-48D0-9F4B-E1BDFFA9DE96}.Debug|x86.ActiveCfg = Debug|x86
		{E0A56875-F578-48D0-9F4B-E1BDFFA9DE96}.Debug|x86.Build.0 = Debug|x86
		{E0A56875-F578-48D0-9F4B-E1BDFFA9DE96}.Release|x86.ActiveCfg = Release|x86
		{E0A56875-F578-48D0-9F4B-E1BDFFA9DE96}.Release|x86.Build.0 = Release|x86
	EndGlobalSection
	GlobalSection(SolutionProperties) = preSolution
		HideSolutionNode = FALSE
	EndGlobalSection
EndGlobal
